// !$*UTF8*$!
{
	archiveVersion = 1;
	classes = {
	};
	objectVersion = 50;
	objects = {

/* Begin PBXBuildFile section */
		807F0CFF23F6782200684BB0 /* AppDelegate.swift in Sources */ = {isa = PBXBuildFile; fileRef = 807F0CFE23F6782200684BB0 /* AppDelegate.swift */; };
		807F0D0123F6782200684BB0 /* SceneDelegate.swift in Sources */ = {isa = PBXBuildFile; fileRef = 807F0D0023F6782200684BB0 /* SceneDelegate.swift */; };
		807F0D0323F6782200684BB0 /* ContentView.swift in Sources */ = {isa = PBXBuildFile; fileRef = 807F0D0223F6782200684BB0 /* ContentView.swift */; };
		807F0D0523F6782600684BB0 /* Assets.xcassets in Resources */ = {isa = PBXBuildFile; fileRef = 807F0D0423F6782600684BB0 /* Assets.xcassets */; };
		807F0D0823F6782600684BB0 /* Preview Assets.xcassets in Resources */ = {isa = PBXBuildFile; fileRef = 807F0D0723F6782600684BB0 /* Preview Assets.xcassets */; };
		807F0D0B23F6782600684BB0 /* LaunchScreen.storyboard in Resources */ = {isa = PBXBuildFile; fileRef = 807F0D0923F6782600684BB0 /* LaunchScreen.storyboard */; };
		807F0D1623F6782700684BB0 /* RetainerByteTests.swift in Sources */ = {isa = PBXBuildFile; fileRef = 807F0D1523F6782700684BB0 /* RetainerByteTests.swift */; };
		807F0D2123F6782700684BB0 /* RetainerByteUITests.swift in Sources */ = {isa = PBXBuildFile; fileRef = 807F0D2023F6782700684BB0 /* RetainerByteUITests.swift */; };
/* End PBXBuildFile section */

/* Begin PBXContainerItemProxy section */
		807F0D1223F6782700684BB0 /* PBXContainerItemProxy */ = {
			isa = PBXContainerItemProxy;
			containerPortal = 807F0CF323F6782200684BB0 /* Project object */;
			proxyType = 1;
			remoteGlobalIDString = 807F0CFA23F6782200684BB0;
			remoteInfo = RetainerByte;
		};
		807F0D1D23F6782700684BB0 /* PBXContainerItemProxy */ = {
			isa = PBXContainerItemProxy;
			containerPortal = 807F0CF323F6782200684BB0 /* Project object */;
			proxyType = 1;
			remoteGlobalIDString = 807F0CFA23F6782200684BB0;
			remoteInfo = RetainerByte;
		};
/* End PBXContainerItemProxy section */

/* Begin PBXFileReference section */
		807F0CFB23F6782200684BB0 /* RetainerByte.app */ = {isa = PBXFileReference; explicitFileType = wrapper.application; includeInIndex = 0; path = RetainerByte.app; sourceTree = BUILT_PRODUCTS_DIR; };
		807F0CFE23F6782200684BB0 /* AppDelegate.swift */ = {isa = PBXFileReference; lastKnownFileType = sourcecode.swift; path = AppDelegate.swift; sourceTree = "<group>"; };
		807F0D0023F6782200684BB0 /* SceneDelegate.swift */ = {isa = PBXFileReference; lastKnownFileType = sourcecode.swift; path = SceneDelegate.swift; sourceTree = "<group>"; };
		807F0D0223F6782200684BB0 /* ContentView.swift */ = {isa = PBXFileReference; lastKnownFileType = sourcecode.swift; path = ContentView.swift; sourceTree = "<group>"; };
		807F0D0423F6782600684BB0 /* Assets.xcassets */ = {isa = PBXFileReference; lastKnownFileType = folder.assetcatalog; path = Assets.xcassets; sourceTree = "<group>"; };
		807F0D0723F6782600684BB0 /* Preview Assets.xcassets */ = {isa = PBXFileReference; lastKnownFileType = folder.assetcatalog; path = "Preview Assets.xcassets"; sourceTree = "<group>"; };
		807F0D0A23F6782600684BB0 /* Base */ = {isa = PBXFileReference; lastKnownFileType = file.storyboard; name = Base; path = Base.lproj/LaunchScreen.storyboard; sourceTree = "<group>"; };
		807F0D0C23F6782600684BB0 /* Info.plist */ = {isa = PBXFileReference; lastKnownFileType = text.plist.xml; path = Info.plist; sourceTree = "<group>"; };
		807F0D1123F6782700684BB0 /* RetainerByteTests.xctest */ = {isa = PBXFileReference; explicitFileType = wrapper.cfbundle; includeInIndex = 0; path = RetainerByteTests.xctest; sourceTree = BUILT_PRODUCTS_DIR; };
		807F0D1523F6782700684BB0 /* RetainerByteTests.swift */ = {isa = PBXFileReference; lastKnownFileType = sourcecode.swift; path = RetainerByteTests.swift; sourceTree = "<group>"; };
		807F0D1723F6782700684BB0 /* Info.plist */ = {isa = PBXFileReference; lastKnownFileType = text.plist.xml; path = Info.plist; sourceTree = "<group>"; };
		807F0D1C23F6782700684BB0 /* RetainerByteUITests.xctest */ = {isa = PBXFileReference; explicitFileType = wrapper.cfbundle; includeInIndex = 0; path = RetainerByteUITests.xctest; sourceTree = BUILT_PRODUCTS_DIR; };
		807F0D2023F6782700684BB0 /* RetainerByteUITests.swift */ = {isa = PBXFileReference; lastKnownFileType = sourcecode.swift; path = RetainerByteUITests.swift; sourceTree = "<group>"; };
		807F0D2223F6782700684BB0 /* Info.plist */ = {isa = PBXFileReference; lastKnownFileType = text.plist.xml; path = Info.plist; sourceTree = "<group>"; };
/* End PBXFileReference section */

/* Begin PBXFrameworksBuildPhase section */
		807F0CF823F6782200684BB0 /* Frameworks */ = {
			isa = PBXFrameworksBuildPhase;
			buildActionMask = 2147483647;
			files = (
			);
			runOnlyForDeploymentPostprocessing = 0;
		};
		807F0D0E23F6782700684BB0 /* Frameworks */ = {
			isa = PBXFrameworksBuildPhase;
			buildActionMask = 2147483647;
			files = (
			);
			runOnlyForDeploymentPostprocessing = 0;
		};
		807F0D1923F6782700684BB0 /* Frameworks */ = {
			isa = PBXFrameworksBuildPhase;
			buildActionMask = 2147483647;
			files = (
			);
			runOnlyForDeploymentPostprocessing = 0;
		};
/* End PBXFrameworksBuildPhase section */

/* Begin PBXGroup section */
		807F0CF223F6782200684BB0 = {
			isa = PBXGroup;
			children = (
				807F0CFD23F6782200684BB0 /* RetainerByte */,
				807F0D1423F6782700684BB0 /* RetainerByteTests */,
				807F0D1F23F6782700684BB0 /* RetainerByteUITests */,
				807F0CFC23F6782200684BB0 /* Products */,
			);
			sourceTree = "<group>";
		};
		807F0CFC23F6782200684BB0 /* Products */ = {
			isa = PBXGroup;
			children = (
				807F0CFB23F6782200684BB0 /* RetainerByte.app */,
				807F0D1123F6782700684BB0 /* RetainerByteTests.xctest */,
				807F0D1C23F6782700684BB0 /* RetainerByteUITests.xctest */,
			);
			name = Products;
			sourceTree = "<group>";
		};
		807F0CFD23F6782200684BB0 /* RetainerByte */ = {
			isa = PBXGroup;
			children = (
				807F0CFE23F6782200684BB0 /* AppDelegate.swift */,
				807F0D0023F6782200684BB0 /* SceneDelegate.swift */,
				807F0D0223F6782200684BB0 /* ContentView.swift */,
				807F0D0423F6782600684BB0 /* Assets.xcassets */,
				807F0D0923F6782600684BB0 /* LaunchScreen.storyboard */,
				807F0D0C23F6782600684BB0 /* Info.plist */,
				807F0D0623F6782600684BB0 /* Preview Content */,
			);
			path = RetainerByte;
			sourceTree = "<group>";
		};
		807F0D0623F6782600684BB0 /* Preview Content */ = {
			isa = PBXGroup;
			children = (
				807F0D0723F6782600684BB0 /* Preview Assets.xcassets */,
			);
			path = "Preview Content";
			sourceTree = "<group>";
		};
		807F0D1423F6782700684BB0 /* RetainerByteTests */ = {
			isa = PBXGroup;
			children = (
				807F0D1523F6782700684BB0 /* RetainerByteTests.swift */,
				807F0D1723F6782700684BB0 /* Info.plist */,
			);
			path = RetainerByteTests;
			sourceTree = "<group>";
		};
		807F0D1F23F6782700684BB0 /* RetainerByteUITests */ = {
			isa = PBXGroup;
			children = (
				807F0D2023F6782700684BB0 /* RetainerByteUITests.swift */,
				807F0D2223F6782700684BB0 /* Info.plist */,
			);
			path = RetainerByteUITests;
			sourceTree = "<group>";
		};
/* End PBXGroup section */

/* Begin PBXNativeTarget section */
		807F0CFA23F6782200684BB0 /* RetainerByte */ = {
			isa = PBXNativeTarget;
			buildConfigurationList = 807F0D2523F6782700684BB0 /* Build configuration list for PBXNativeTarget "RetainerByte" */;
			buildPhases = (
				807F0CF723F6782200684BB0 /* Sources */,
				807F0CF823F6782200684BB0 /* Frameworks */,
				807F0CF923F6782200684BB0 /* Resources */,
			);
			buildRules = (
			);
			dependencies = (
			);
			name = RetainerByte;
			productName = RetainerByte;
			productReference = 807F0CFB23F6782200684BB0 /* RetainerByte.app */;
			productType = "com.apple.product-type.application";
		};
		807F0D1023F6782700684BB0 /* RetainerByteTests */ = {
			isa = PBXNativeTarget;
			buildConfigurationList = 807F0D2823F6782700684BB0 /* Build configuration list for PBXNativeTarget "RetainerByteTests" */;
			buildPhases = (
				807F0D0D23F6782700684BB0 /* Sources */,
				807F0D0E23F6782700684BB0 /* Frameworks */,
				807F0D0F23F6782700684BB0 /* Resources */,
			);
			buildRules = (
			);
			dependencies = (
				807F0D1323F6782700684BB0 /* PBXTargetDependency */,
			);
			name = RetainerByteTests;
			productName = RetainerByteTests;
			productReference = 807F0D1123F6782700684BB0 /* RetainerByteTests.xctest */;
			productType = "com.apple.product-type.bundle.unit-test";
		};
		807F0D1B23F6782700684BB0 /* RetainerByteUITests */ = {
			isa = PBXNativeTarget;
			buildConfigurationList = 807F0D2B23F6782700684BB0 /* Build configuration list for PBXNativeTarget "RetainerByteUITests" */;
			buildPhases = (
				807F0D1823F6782700684BB0 /* Sources */,
				807F0D1923F6782700684BB0 /* Frameworks */,
				807F0D1A23F6782700684BB0 /* Resources */,
			);
			buildRules = (
			);
			dependencies = (
				807F0D1E23F6782700684BB0 /* PBXTargetDependency */,
			);
			name = RetainerByteUITests;
			productName = RetainerByteUITests;
			productReference = 807F0D1C23F6782700684BB0 /* RetainerByteUITests.xctest */;
			productType = "com.apple.product-type.bundle.ui-testing";
		};
/* End PBXNativeTarget section */

/* Begin PBXProject section */
		807F0CF323F6782200684BB0 /* Project object */ = {
			isa = PBXProject;
			attributes = {
				LastSwiftUpdateCheck = 1130;
				LastUpgradeCheck = 1130;
				ORGANIZATIONNAME = RetainerByte;
				TargetAttributes = {
					807F0CFA23F6782200684BB0 = {
						CreatedOnToolsVersion = 11.3.1;
					};
					807F0D1023F6782700684BB0 = {
						CreatedOnToolsVersion = 11.3.1;
						TestTargetID = 807F0CFA23F6782200684BB0;
					};
					807F0D1B23F6782700684BB0 = {
						CreatedOnToolsVersion = 11.3.1;
						TestTargetID = 807F0CFA23F6782200684BB0;
					};
				};
			};
			buildConfigurationList = 807F0CF623F6782200684BB0 /* Build configuration list for PBXProject "RetainerByte" */;
			compatibilityVersion = "Xcode 9.3";
			developmentRegion = en;
			hasScannedForEncodings = 0;
			knownRegions = (
				en,
				Base,
			);
			mainGroup = 807F0CF223F6782200684BB0;
			productRefGroup = 807F0CFC23F6782200684BB0 /* Products */;
			projectDirPath = "";
			projectRoot = "";
			targets = (
				807F0CFA23F6782200684BB0 /* RetainerByte */,
				807F0D1023F6782700684BB0 /* RetainerByteTests */,
				807F0D1B23F6782700684BB0 /* RetainerByteUITests */,
			);
		};
/* End PBXProject section */

/* Begin PBXResourcesBuildPhase section */
		807F0CF923F6782200684BB0 /* Resources */ = {
			isa = PBXResourcesBuildPhase;
			buildActionMask = 2147483647;
			files = (
				807F0D0B23F6782600684BB0 /* LaunchScreen.storyboard in Resources */,
				807F0D0823F6782600684BB0 /* Preview Assets.xcassets in Resources */,
				807F0D0523F6782600684BB0 /* Assets.xcassets in Resources */,
			);
			runOnlyForDeploymentPostprocessing = 0;
		};
		807F0D0F23F6782700684BB0 /* Resources */ = {
			isa = PBXResourcesBuildPhase;
			buildActionMask = 2147483647;
			files = (
			);
			runOnlyForDeploymentPostprocessing = 0;
		};
		807F0D1A23F6782700684BB0 /* Resources */ = {
			isa = PBXResourcesBuildPhase;
			buildActionMask = 2147483647;
			files = (
			);
			runOnlyForDeploymentPostprocessing = 0;
		};
/* End PBXResourcesBuildPhase section */

/* Begin PBXSourcesBuildPhase section */
		807F0CF723F6782200684BB0 /* Sources */ = {
			isa = PBXSourcesBuildPhase;
			buildActionMask = 2147483647;
			files = (
				807F0CFF23F6782200684BB0 /* AppDelegate.swift in Sources */,
				807F0D0123F6782200684BB0 /* SceneDelegate.swift in Sources */,
				807F0D0323F6782200684BB0 /* ContentView.swift in Sources */,
			);
			runOnlyForDeploymentPostprocessing = 0;
		};
		807F0D0D23F6782700684BB0 /* Sources */ = {
			isa = PBXSourcesBuildPhase;
			buildActionMask = 2147483647;
			files = (
				807F0D1623F6782700684BB0 /* RetainerByteTests.swift in Sources */,
			);
			runOnlyForDeploymentPostprocessing = 0;
		};
		807F0D1823F6782700684BB0 /* Sources */ = {
			isa = PBXSourcesBuildPhase;
			buildActionMask = 2147483647;
			files = (
				807F0D2123F6782700684BB0 /* RetainerByteUITests.swift in Sources */,
			);
			runOnlyForDeploymentPostprocessing = 0;
		};
/* End PBXSourcesBuildPhase section */

/* Begin PBXTargetDependency section */
		807F0D1323F6782700684BB0 /* PBXTargetDependency */ = {
			isa = PBXTargetDependency;
			target = 807F0CFA23F6782200684BB0 /* RetainerByte */;
			targetProxy = 807F0D1223F6782700684BB0 /* PBXContainerItemProxy */;
		};
		807F0D1E23F6782700684BB0 /* PBXTargetDependency */ = {
			isa = PBXTargetDependency;
			target = 807F0CFA23F6782200684BB0 /* RetainerByte */;
			targetProxy = 807F0D1D23F6782700684BB0 /* PBXContainerItemProxy */;
		};
/* End PBXTargetDependency section */

/* Begin PBXVariantGroup section */
		807F0D0923F6782600684BB0 /* LaunchScreen.storyboard */ = {
			isa = PBXVariantGroup;
			children = (
				807F0D0A23F6782600684BB0 /* Base */,
			);
			name = LaunchScreen.storyboard;
			sourceTree = "<group>";
		};
/* End PBXVariantGroup section */

/* Begin XCBuildConfiguration section */
		807F0D2323F6782700684BB0 /* Debug */ = {
			isa = XCBuildConfiguration;
			buildSettings = {
				ALWAYS_SEARCH_USER_PATHS = NO;
				CLANG_ANALYZER_NONNULL = YES;
				CLANG_ANALYZER_NUMBER_OBJECT_CONVERSION = YES_AGGRESSIVE;
				CLANG_CXX_LANGUAGE_STANDARD = "gnu++14";
				CLANG_CXX_LIBRARY = "libc++";
				CLANG_ENABLE_MODULES = YES;
				CLANG_ENABLE_OBJC_ARC = YES;
				CLANG_ENABLE_OBJC_WEAK = YES;
				CLANG_WARN_BLOCK_CAPTURE_AUTORELEASING = YES;
				CLANG_WARN_BOOL_CONVERSION = YES;
				CLANG_WARN_COMMA = YES;
				CLANG_WARN_CONSTANT_CONVERSION = YES;
				CLANG_WARN_DEPRECATED_OBJC_IMPLEMENTATIONS = YES;
				CLANG_WARN_DIRECT_OBJC_ISA_USAGE = YES_ERROR;
				CLANG_WARN_DOCUMENTATION_COMMENTS = YES;
				CLANG_WARN_EMPTY_BODY = YES;
				CLANG_WARN_ENUM_CONVERSION = YES;
				CLANG_WARN_INFINITE_RECURSION = YES;
				CLANG_WARN_INT_CONVERSION = YES;
				CLANG_WARN_NON_LITERAL_NULL_CONVERSION = YES;
				CLANG_WARN_OBJC_IMPLICIT_RETAIN_SELF = YES;
				CLANG_WARN_OBJC_LITERAL_CONVERSION = YES;
				CLANG_WARN_OBJC_ROOT_CLASS = YES_ERROR;
				CLANG_WARN_RANGE_LOOP_ANALYSIS = YES;
				CLANG_WARN_STRICT_PROTOTYPES = YES;
				CLANG_WARN_SUSPICIOUS_MOVE = YES;
				CLANG_WARN_UNGUARDED_AVAILABILITY = YES_AGGRESSIVE;
				CLANG_WARN_UNREACHABLE_CODE = YES;
				CLANG_WARN__DUPLICATE_METHOD_MATCH = YES;
				COPY_PHASE_STRIP = NO;
				DEBUG_INFORMATION_FORMAT = dwarf;
				ENABLE_STRICT_OBJC_MSGSEND = YES;
				ENABLE_TESTABILITY = YES;
				GCC_C_LANGUAGE_STANDARD = gnu11;
				GCC_DYNAMIC_NO_PIC = NO;
				GCC_NO_COMMON_BLOCKS = YES;
				GCC_OPTIMIZATION_LEVEL = 0;
				GCC_PREPROCESSOR_DEFINITIONS = (
					"DEBUG=1",
					"$(inherited)",
				);
				GCC_WARN_64_TO_32_BIT_CONVERSION = YES;
				GCC_WARN_ABOUT_RETURN_TYPE = YES_ERROR;
				GCC_WARN_UNDECLARED_SELECTOR = YES;
				GCC_WARN_UNINITIALIZED_AUTOS = YES_AGGRESSIVE;
				GCC_WARN_UNUSED_FUNCTION = YES;
				GCC_WARN_UNUSED_VARIABLE = YES;
				IPHONEOS_DEPLOYMENT_TARGET = 13.2;
				MTL_ENABLE_DEBUG_INFO = INCLUDE_SOURCE;
				MTL_FAST_MATH = YES;
				ONLY_ACTIVE_ARCH = YES;
				SDKROOT = iphoneos;
				SWIFT_ACTIVE_COMPILATION_CONDITIONS = DEBUG;
				SWIFT_OPTIMIZATION_LEVEL = "-Onone";
			};
			name = Debug;
		};
		807F0D2423F6782700684BB0 /* Release */ = {
			isa = XCBuildConfiguration;
			buildSettings = {
				ALWAYS_SEARCH_USER_PATHS = NO;
				CLANG_ANALYZER_NONNULL = YES;
				CLANG_ANALYZER_NUMBER_OBJECT_CONVERSION = YES_AGGRESSIVE;
				CLANG_CXX_LANGUAGE_STANDARD = "gnu++14";
				CLANG_CXX_LIBRARY = "libc++";
				CLANG_ENABLE_MODULES = YES;
				CLANG_ENABLE_OBJC_ARC = YES;
				CLANG_ENABLE_OBJC_WEAK = YES;
				CLANG_WARN_BLOCK_CAPTURE_AUTORELEASING = YES;
				CLANG_WARN_BOOL_CONVERSION = YES;
				CLANG_WARN_COMMA = YES;
				CLANG_WARN_CONSTANT_CONVERSION = YES;
				CLANG_WARN_DEPRECATED_OBJC_IMPLEMENTATIONS = YES;
				CLANG_WARN_DIRECT_OBJC_ISA_USAGE = YES_ERROR;
				CLANG_WARN_DOCUMENTATION_COMMENTS = YES;
				CLANG_WARN_EMPTY_BODY = YES;
				CLANG_WARN_ENUM_CONVERSION = YES;
				CLANG_WARN_INFINITE_RECURSION = YES;
				CLANG_WARN_INT_CONVERSION = YES;
				CLANG_WARN_NON_LITERAL_NULL_CONVERSION = YES;
				CLANG_WARN_OBJC_IMPLICIT_RETAIN_SELF = YES;
				CLANG_WARN_OBJC_LITERAL_CONVERSION = YES;
				CLANG_WARN_OBJC_ROOT_CLASS = YES_ERROR;
				CLANG_WARN_RANGE_LOOP_ANALYSIS = YES;
				CLANG_WARN_STRICT_PROTOTYPES = YES;
				CLANG_WARN_SUSPICIOUS_MOVE = YES;
				CLANG_WARN_UNGUARDED_AVAILABILITY = YES_AGGRESSIVE;
				CLANG_WARN_UNREACHABLE_CODE = YES;
				CLANG_WARN__DUPLICATE_METHOD_MATCH = YES;
				COPY_PHASE_STRIP = NO;
				DEBUG_INFORMATION_FORMAT = "dwarf-with-dsym";
				ENABLE_NS_ASSERTIONS = NO;
				ENABLE_STRICT_OBJC_MSGSEND = YES;
				GCC_C_LANGUAGE_STANDARD = gnu11;
				GCC_NO_COMMON_BLOCKS = YES;
				GCC_WARN_64_TO_32_BIT_CONVERSION = YES;
				GCC_WARN_ABOUT_RETURN_TYPE = YES_ERROR;
				GCC_WARN_UNDECLARED_SELECTOR = YES;
				GCC_WARN_UNINITIALIZED_AUTOS = YES_AGGRESSIVE;
				GCC_WARN_UNUSED_FUNCTION = YES;
				GCC_WARN_UNUSED_VARIABLE = YES;
				IPHONEOS_DEPLOYMENT_TARGET = 13.2;
				MTL_ENABLE_DEBUG_INFO = NO;
				MTL_FAST_MATH = YES;
				SDKROOT = iphoneos;
				SWIFT_COMPILATION_MODE = wholemodule;
				SWIFT_OPTIMIZATION_LEVEL = "-O";
				VALIDATE_PRODUCT = YES;
			};
			name = Release;
		};
		807F0D2623F6782700684BB0 /* Debug */ = {
			isa = XCBuildConfiguration;
			buildSettings = {
				ASSETCATALOG_COMPILER_APPICON_NAME = AppIcon;
				CODE_SIGN_STYLE = Automatic;
				DEVELOPMENT_ASSET_PATHS = "\"RetainerByte/Preview Content\"";
				ENABLE_PREVIEWS = YES;
				INFOPLIST_FILE = RetainerByte/Info.plist;
				LD_RUNPATH_SEARCH_PATHS = (
					"$(inherited)",
					"@executable_path/Frameworks",
				);
				PRODUCT_BUNDLE_IDENTIFIER = com.retainerbyteiosapp.RetainerByte;
				PRODUCT_NAME = "$(TARGET_NAME)";
				SWIFT_VERSION = 5.0;
				TARGETED_DEVICE_FAMILY = "1,2";
			};
			name = Debug;
		};
		807F0D2723F6782700684BB0 /* Release */ = {
			isa = XCBuildConfiguration;
			buildSettings = {
				ASSETCATALOG_COMPILER_APPICON_NAME = AppIcon;
				CODE_SIGN_STYLE = Automatic;
				DEVELOPMENT_ASSET_PATHS = "\"RetainerByte/Preview Content\"";
				ENABLE_PREVIEWS = YES;
				INFOPLIST_FILE = RetainerByte/Info.plist;
				LD_RUNPATH_SEARCH_PATHS = (
					"$(inherited)",
					"@executable_path/Frameworks",
				);
				PRODUCT_BUNDLE_IDENTIFIER = com.retainerbyteiosapp.RetainerByte;
				PRODUCT_NAME = "$(TARGET_NAME)";
				SWIFT_VERSION = 5.0;
				TARGETED_DEVICE_FAMILY = "1,2";
			};
			name = Release;
		};
		807F0D2923F6782700684BB0 /* Debug */ = {
			isa = XCBuildConfiguration;
			buildSettings = {
				ALWAYS_EMBED_SWIFT_STANDARD_LIBRARIES = YES;
				BUNDLE_LOADER = "$(TEST_HOST)";
				CODE_SIGN_STYLE = Automatic;
				INFOPLIST_FILE = RetainerByteTests/Info.plist;
				IPHONEOS_DEPLOYMENT_TARGET = 13.2;
				LD_RUNPATH_SEARCH_PATHS = (
					"$(inherited)",
					"@executable_path/Frameworks",
					"@loader_path/Frameworks",
				);
				PRODUCT_BUNDLE_IDENTIFIER = com.retainerbyteiosapp.RetainerByteTests;
				PRODUCT_NAME = "$(TARGET_NAME)";
				SWIFT_VERSION = 5.0;
				TARGETED_DEVICE_FAMILY = "1,2";
				TEST_HOST = "$(BUILT_PRODUCTS_DIR)/RetainerByte.app/RetainerByte";
			};
			name = Debug;
		};
		807F0D2A23F6782700684BB0 /* Release */ = {
			isa = XCBuildConfiguration;
			buildSettings = {
				ALWAYS_EMBED_SWIFT_STANDARD_LIBRARIES = YES;
				BUNDLE_LOADER = "$(TEST_HOST)";
				CODE_SIGN_STYLE = Automatic;
				INFOPLIST_FILE = RetainerByteTests/Info.plist;
				IPHONEOS_DEPLOYMENT_TARGET = 13.2;
				LD_RUNPATH_SEARCH_PATHS = (
					"$(inherited)",
					"@executable_path/Frameworks",
					"@loader_path/Frameworks",
				);
				PRODUCT_BUNDLE_IDENTIFIER = com.retainerbyteiosapp.RetainerByteTests;
				PRODUCT_NAME = "$(TARGET_NAME)";
				SWIFT_VERSION = 5.0;
				TARGETED_DEVICE_FAMILY = "1,2";
				TEST_HOST = "$(BUILT_PRODUCTS_DIR)/RetainerByte.app/RetainerByte";
			};
			name = Release;
		};
		807F0D2C23F6782700684BB0 /* Debug */ = {
			isa = XCBuildConfiguration;
			buildSettings = {
				ALWAYS_EMBED_SWIFT_STANDARD_LIBRARIES = YES;
				CODE_SIGN_STYLE = Automatic;
				INFOPLIST_FILE = RetainerByteUITests/Info.plist;
				LD_RUNPATH_SEARCH_PATHS = (
					"$(inherited)",
					"@executable_path/Frameworks",
					"@loader_path/Frameworks",
				);
				PRODUCT_BUNDLE_IDENTIFIER = com.retainerbyteiosapp.RetainerByteUITests;
				PRODUCT_NAME = "$(TARGET_NAME)";
				SWIFT_VERSION = 5.0;
				TARGETED_DEVICE_FAMILY = "1,2";
				TEST_TARGET_NAME = RetainerByte;
			};
			name = Debug;
		};
		807F0D2D23F6782700684BB0 /* Release */ = {
			isa = XCBuildConfiguration;
			buildSettings = {
				ALWAYS_EMBED_SWIFT_STANDARD_LIBRARIES = YES;
				CODE_SIGN_STYLE = Automatic;
				INFOPLIST_FILE = RetainerByteUITests/Info.plist;
				LD_RUNPATH_SEARCH_PATHS = (
					"$(inherited)",
					"@executable_path/Frameworks",
					"@loader_path/Frameworks",
				);
				PRODUCT_BUNDLE_IDENTIFIER = com.retainerbyteiosapp.RetainerByteUITests;
				PRODUCT_NAME = "$(TARGET_NAME)";
				SWIFT_VERSION = 5.0;
				TARGETED_DEVICE_FAMILY = "1,2";
				TEST_TARGET_NAME = RetainerByte;
			};
			name = Release;
		};
/* End XCBuildConfiguration section */

/* Begin XCConfigurationList section */
		807F0CF623F6782200684BB0 /* Build configuration list for PBXProject "RetainerByte" */ = {
			isa = XCConfigurationList;
			buildConfigurations = (
				807F0D2323F6782700684BB0 /* Debug */,
				807F0D2423F6782700684BB0 /* Release */,
			);
			defaultConfigurationIsVisible = 0;
			defaultConfigurationName = Release;
		};
		807F0D2523F6782700684BB0 /* Build configuration list for PBXNativeTarget "RetainerByte" */ = {
			isa = XCConfigurationList;
			buildConfigurations = (
				807F0D2623F6782700684BB0 /* Debug */,
				807F0D2723F6782700684BB0 /* Release */,
			);
			defaultConfigurationIsVisible = 0;
			defaultConfigurationName = Release;
		};
		807F0D2823F6782700684BB0 /* Build configuration list for PBXNativeTarget "RetainerByteTests" */ = {
			isa = XCConfigurationList;
			buildConfigurations = (
				807F0D2923F6782700684BB0 /* Debug */,
				807F0D2A23F6782700684BB0 /* Release */,
			);
			defaultConfigurationIsVisible = 0;
			defaultConfigurationName = Release;
		};
		807F0D2B23F6782700684BB0 /* Build configuration list for PBXNativeTarget "RetainerByteUITests" */ = {
			isa = XCConfigurationList;
			buildConfigurations = (
				807F0D2C23F6782700684BB0 /* Debug */,
				807F0D2D23F6782700684BB0 /* Release */,
			);
			defaultConfigurationIsVisible = 0;
			defaultConfigurationName = Release;
		};
/* End XCConfigurationList section */
	};
	rootObject = 807F0CF323F6782200684BB0 /* Project object */;
}
